PODS:
  - FBSDKCoreKit (6.5.2):
    - FBSDKCoreKit/Basics (= 6.5.2)
    - FBSDKCoreKit/Core (= 6.5.2)
  - FBSDKCoreKit/Basics (6.5.2)
  - FBSDKCoreKit/Core (6.5.2):
    - FBSDKCoreKit/Basics
  - FBSDKCoreKit/Swift (6.5.2):
    - FBSDKCoreKit/Core
  - FBSDKLoginKit (6.5.2):
    - FBSDKLoginKit/Login (= 6.5.2)
  - FBSDKLoginKit/Login (6.5.2):
    - FBSDKCoreKit (~> 6.5.2)

DEPENDENCIES:
  - FBSDKCoreKit/Swift
  - FBSDKLoginKit

SPEC REPOS:
  trunk:
    - FBSDKCoreKit
    - FBSDKLoginKit

SPEC CHECKSUMS:
  FBSDKCoreKit: ada5c8a05188daefc9addb985c52b8a1b26da519
  FBSDKLoginKit: caa165495afa29a12324cb2307fe6e5b33783142

PODFILE CHECKSUM: c0a211a1c532e4210d794ed84c310bb0d829e2ea

COCOAPODS: 1.8.4
